
Microsoft Visual Studio Solution File, Format Version 12.00
# Visual Studio Version 16
VisualStudioVersion = 16.0.32510.428
MinimumVisualStudioVersion = 10.0.40219.1
Project("{FAE04EC0-301F-11D3-BF4B-00C04F79EFBC}") = "FamilyManager.MainModule", "FamilyManager.MainModule.csproj", "{220EDF63-7B6A-4930-B30C-D8DD5DE18197}"
EndProject
Project("{FAE04EC0-301F-11D3-BF4B-00C04F79EFBC}") = "FamilyManager.MainModule.SubEdit", "..\FamilyManager.MainModule.SubEdit\FamilyManager.MainModule.SubEdit.csproj", "{37CFD2CE-5689-4A9E-AD76-EACEC8F0B85A}"
EndProject
Project("{FAE04EC0-301F-11D3-BF4B-00C04F79EFBC}") = "FamilyManager.MainModule.SubExport", "..\FamilyManager.MainModule.SubExport\FamilyManager.MainModule.SubExport.csproj", "{EB1060CB-5BBE-4A12-A479-94FFE90C0599}"
EndProject
Global
	GlobalSection(SolutionConfigurationPlatforms) = preSolution
		Debug|Any CPU = Debug|Any CPU
		Release|Any CPU = Release|Any CPU
	EndGlobalSection
	GlobalSection(ProjectConfigurationPlatforms) = postSolution
		{220EDF63-7B6A-4930-B30C-D8DD5DE18197}.Debug|Any CPU.ActiveCfg = Debug|Any CPU
		{220EDF63-7B6A-4930-B30C-D8DD5DE18197}.Debug|Any CPU.Build.0 = Debug|Any CPU
		{220EDF63-7B6A-4930-B30C-D8DD5DE18197}.Release|Any CPU.ActiveCfg = Release|Any CPU
		{220EDF63-7B6A-4930-B30C-D8DD5DE18197}.Release|Any CPU.Build.0 = Release|Any CPU
		{37CFD2CE-5689-4A9E-AD76-EACEC8F0B85A}.Debug|Any CPU.ActiveCfg = Debug|Any CPU
		{37CFD2CE-5689-4A9E-AD76-EACEC8F0B85A}.Debug|Any CPU.Build.0 = Debug|Any CPU
		{37CFD2CE-5689-4A9E-AD76-EACEC8F0B85A}.Release|Any CPU.ActiveCfg = Release|Any CPU
		{37CFD2CE-5689-4A9E-AD76-EACEC8F0B85A}.Release|Any CPU.Build.0 = Release|Any CPU
		{EB1060CB-5BBE-4A12-A479-94FFE90C0599}.Debug|Any CPU.ActiveCfg = Debug|Any CPU
		{EB1060CB-5BBE-4A12-A479-94FFE90C0599}.Debug|Any CPU.Build.0 = Debug|Any CPU
		{EB1060CB-5BBE-4A12-A479-94FFE90C0599}.Release|Any CPU.ActiveCfg = Release|Any CPU
		{EB1060CB-5BBE-4A12-A479-94FFE90C0599}.Release|Any CPU.Build.0 = Release|Any CPU
	EndGlobalSection
	GlobalSection(SolutionProperties) = preSolution
		HideSolutionNode = FALSE
	EndGlobalSection
	GlobalSection(ExtensibilityGlobals) = postSolution
		SolutionGuid = {3713322E-726B-4906-AA59-1DE4613C440B}
	EndGlobalSection
EndGlobal
